// !$*UTF8*$!
{
	archiveVersion = 1;
	classes = {
	};
	objectVersion = 51;
	objects = {

/* Begin PBXBuildFile section */
		2526189D8DD05F585A0D83A6 /* Pods_ShopifyUITests.framework in Frameworks */ = {isa = PBXBuildFile; fileRef = C27567FFF4561538BC633A7C /* Pods_ShopifyUITests.framework */; };
		71A386DE10DDB3A4ACC406E0 /* Pods_Shopify.framework in Frameworks */ = {isa = PBXBuildFile; fileRef = 1FAFF97B0C4B6BC9743FF0A3 /* Pods_Shopify.framework */; };
		78EA553B96941BDCDE3FC964 /* Pods_ShopifyTests.framework in Frameworks */ = {isa = PBXBuildFile; fileRef = 150321176225F4B7C85FF04A /* Pods_ShopifyTests.framework */; };
		FD14E4562332DDC1003A5D3F /* CardModel.swift in Sources */ = {isa = PBXBuildFile; fileRef = FD14E4552332DDC1003A5D3F /* CardModel.swift */; };
		FD14E4582332E69D003A5D3F /* NetworkController.swift in Sources */ = {isa = PBXBuildFile; fileRef = FD14E4572332E69D003A5D3F /* NetworkController.swift */; };
		FD2E57692332D21C0086D0C8 /* AppDelegate.swift in Sources */ = {isa = PBXBuildFile; fileRef = FD2E57682332D21C0086D0C8 /* AppDelegate.swift */; };
		FD2E57702332D21D0086D0C8 /* Assets.xcassets in Resources */ = {isa = PBXBuildFile; fileRef = FD2E576F2332D21D0086D0C8 /* Assets.xcassets */; };
		FD2E57732332D21D0086D0C8 /* LaunchScreen.storyboard in Resources */ = {isa = PBXBuildFile; fileRef = FD2E57712332D21D0086D0C8 /* LaunchScreen.storyboard */; };
		FD2E577E2332D21D0086D0C8 /* ShopifyTests.swift in Sources */ = {isa = PBXBuildFile; fileRef = FD2E577D2332D21D0086D0C8 /* ShopifyTests.swift */; };
		FD2E57892332D21D0086D0C8 /* ShopifyUITests.swift in Sources */ = {isa = PBXBuildFile; fileRef = FD2E57882332D21D0086D0C8 /* ShopifyUITests.swift */; };
		FD2E579B2332DA010086D0C8 /* MainCollectionViewCell.swift in Sources */ = {isa = PBXBuildFile; fileRef = FD2E579A2332DA010086D0C8 /* MainCollectionViewCell.swift */; };
		FD2E579D2332DA0D0086D0C8 /* MainViewController.swift in Sources */ = {isa = PBXBuildFile; fileRef = FD2E579C2332DA0D0086D0C8 /* MainViewController.swift */; };
/* End PBXBuildFile section */

/* Begin PBXContainerItemProxy section */
		FD2E577A2332D21D0086D0C8 /* PBXContainerItemProxy */ = {
			isa = PBXContainerItemProxy;
			containerPortal = FD2E575D2332D21C0086D0C8 /* Project object */;
			proxyType = 1;
			remoteGlobalIDString = FD2E57642332D21C0086D0C8;
			remoteInfo = Shopify;
		};
		FD2E57852332D21D0086D0C8 /* PBXContainerItemProxy */ = {
			isa = PBXContainerItemProxy;
			containerPortal = FD2E575D2332D21C0086D0C8 /* Project object */;
			proxyType = 1;
			remoteGlobalIDString = FD2E57642332D21C0086D0C8;
			remoteInfo = Shopify;
		};
/* End PBXContainerItemProxy section */

/* Begin PBXFileReference section */
		150321176225F4B7C85FF04A /* Pods_ShopifyTests.framework */ = {isa = PBXFileReference; explicitFileType = wrapper.framework; includeInIndex = 0; path = Pods_ShopifyTests.framework; sourceTree = BUILT_PRODUCTS_DIR; };
		1FAFF97B0C4B6BC9743FF0A3 /* Pods_Shopify.framework */ = {isa = PBXFileReference; explicitFileType = wrapper.framework; includeInIndex = 0; path = Pods_Shopify.framework; sourceTree = BUILT_PRODUCTS_DIR; };
		428E366F9BC06985410DC31F /* Pods-Shopify.release.xcconfig */ = {isa = PBXFileReference; includeInIndex = 1; lastKnownFileType = text.xcconfig; name = "Pods-Shopify.release.xcconfig"; path = "Target Support Files/Pods-Shopify/Pods-Shopify.release.xcconfig"; sourceTree = "<group>"; };
		6E8A216372E20F2CF37B249E /* Pods-Shopify.debug.xcconfig */ = {isa = PBXFileReference; includeInIndex = 1; lastKnownFileType = text.xcconfig; name = "Pods-Shopify.debug.xcconfig"; path = "Target Support Files/Pods-Shopify/Pods-Shopify.debug.xcconfig"; sourceTree = "<group>"; };
		95007277F8DD35B72DFA70BE /* Pods-ShopifyTests.debug.xcconfig */ = {isa = PBXFileReference; includeInIndex = 1; lastKnownFileType = text.xcconfig; name = "Pods-ShopifyTests.debug.xcconfig"; path = "Target Support Files/Pods-ShopifyTests/Pods-ShopifyTests.debug.xcconfig"; sourceTree = "<group>"; };
		C27567FFF4561538BC633A7C /* Pods_ShopifyUITests.framework */ = {isa = PBXFileReference; explicitFileType = wrapper.framework; includeInIndex = 0; path = Pods_ShopifyUITests.framework; sourceTree = BUILT_PRODUCTS_DIR; };
		CD008ADC7D69ABFB94D49D4F /* Pods-ShopifyUITests.release.xcconfig */ = {isa = PBXFileReference; includeInIndex = 1; lastKnownFileType = text.xcconfig; name = "Pods-ShopifyUITests.release.xcconfig"; path = "Target Support Files/Pods-ShopifyUITests/Pods-ShopifyUITests.release.xcconfig"; sourceTree = "<group>"; };
		D8740A9A5312DB299E755F57 /* Pods-ShopifyTests.release.xcconfig */ = {isa = PBXFileReference; includeInIndex = 1; lastKnownFileType = text.xcconfig; name = "Pods-ShopifyTests.release.xcconfig"; path = "Target Support Files/Pods-ShopifyTests/Pods-ShopifyTests.release.xcconfig"; sourceTree = "<group>"; };
		EC99494CC0D9F8A222C6C24B /* Pods-ShopifyUITests.debug.xcconfig */ = {isa = PBXFileReference; includeInIndex = 1; lastKnownFileType = text.xcconfig; name = "Pods-ShopifyUITests.debug.xcconfig"; path = "Target Support Files/Pods-ShopifyUITests/Pods-ShopifyUITests.debug.xcconfig"; sourceTree = "<group>"; };
		FD14E4552332DDC1003A5D3F /* CardModel.swift */ = {isa = PBXFileReference; lastKnownFileType = sourcecode.swift; path = CardModel.swift; sourceTree = "<group>"; };
		FD14E4572332E69D003A5D3F /* NetworkController.swift */ = {isa = PBXFileReference; lastKnownFileType = sourcecode.swift; path = NetworkController.swift; sourceTree = "<group>"; };
		FD2E57652332D21C0086D0C8 /* Shopify.app */ = {isa = PBXFileReference; explicitFileType = wrapper.application; includeInIndex = 0; path = Shopify.app; sourceTree = BUILT_PRODUCTS_DIR; };
		FD2E57682332D21C0086D0C8 /* AppDelegate.swift */ = {isa = PBXFileReference; lastKnownFileType = sourcecode.swift; path = AppDelegate.swift; sourceTree = "<group>"; };
		FD2E576F2332D21D0086D0C8 /* Assets.xcassets */ = {isa = PBXFileReference; lastKnownFileType = folder.assetcatalog; path = Assets.xcassets; sourceTree = "<group>"; };
		FD2E57722332D21D0086D0C8 /* Base */ = {isa = PBXFileReference; lastKnownFileType = file.storyboard; name = Base; path = Base.lproj/LaunchScreen.storyboard; sourceTree = "<group>"; };
		FD2E57742332D21D0086D0C8 /* Info.plist */ = {isa = PBXFileReference; lastKnownFileType = text.plist.xml; path = Info.plist; sourceTree = "<group>"; };
		FD2E57792332D21D0086D0C8 /* ShopifyTests.xctest */ = {isa = PBXFileReference; explicitFileType = wrapper.cfbundle; includeInIndex = 0; path = ShopifyTests.xctest; sourceTree = BUILT_PRODUCTS_DIR; };
		FD2E577D2332D21D0086D0C8 /* ShopifyTests.swift */ = {isa = PBXFileReference; lastKnownFileType = sourcecode.swift; path = ShopifyTests.swift; sourceTree = "<group>"; };
		FD2E577F2332D21D0086D0C8 /* Info.plist */ = {isa = PBXFileReference; lastKnownFileType = text.plist.xml; path = Info.plist; sourceTree = "<group>"; };
		FD2E57842332D21D0086D0C8 /* ShopifyUITests.xctest */ = {isa = PBXFileReference; explicitFileType = wrapper.cfbundle; includeInIndex = 0; path = ShopifyUITests.xctest; sourceTree = BUILT_PRODUCTS_DIR; };
		FD2E57882332D21D0086D0C8 /* ShopifyUITests.swift */ = {isa = PBXFileReference; lastKnownFileType = sourcecode.swift; path = ShopifyUITests.swift; sourceTree = "<group>"; };
		FD2E578A2332D21D0086D0C8 /* Info.plist */ = {isa = PBXFileReference; lastKnownFileType = text.plist.xml; path = Info.plist; sourceTree = "<group>"; };
		FD2E579A2332DA010086D0C8 /* MainCollectionViewCell.swift */ = {isa = PBXFileReference; fileEncoding = 4; lastKnownFileType = sourcecode.swift; path = MainCollectionViewCell.swift; sourceTree = "<group>"; };
		FD2E579C2332DA0D0086D0C8 /* MainViewController.swift */ = {isa = PBXFileReference; fileEncoding = 4; lastKnownFileType = sourcecode.swift; path = MainViewController.swift; sourceTree = "<group>"; };
/* End PBXFileReference section */

/* Begin PBXFrameworksBuildPhase section */
		FD2E57622332D21C0086D0C8 /* Frameworks */ = {
			isa = PBXFrameworksBuildPhase;
			buildActionMask = 2147483647;
			files = (
				71A386DE10DDB3A4ACC406E0 /* Pods_Shopify.framework in Frameworks */,
			);
			runOnlyForDeploymentPostprocessing = 0;
		};
		FD2E57762332D21D0086D0C8 /* Frameworks */ = {
			isa = PBXFrameworksBuildPhase;
			buildActionMask = 2147483647;
			files = (
				78EA553B96941BDCDE3FC964 /* Pods_ShopifyTests.framework in Frameworks */,
			);
			runOnlyForDeploymentPostprocessing = 0;
		};
		FD2E57812332D21D0086D0C8 /* Frameworks */ = {
			isa = PBXFrameworksBuildPhase;
			buildActionMask = 2147483647;
			files = (
				2526189D8DD05F585A0D83A6 /* Pods_ShopifyUITests.framework in Frameworks */,
			);
			runOnlyForDeploymentPostprocessing = 0;
		};
/* End PBXFrameworksBuildPhase section */

/* Begin PBXGroup section */
		7F82ACBF7865E1F026C892E8 /* Frameworks */ = {
			isa = PBXGroup;
			children = (
				1FAFF97B0C4B6BC9743FF0A3 /* Pods_Shopify.framework */,
				150321176225F4B7C85FF04A /* Pods_ShopifyTests.framework */,
				C27567FFF4561538BC633A7C /* Pods_ShopifyUITests.framework */,
			);
			name = Frameworks;
			sourceTree = "<group>";
		};
		BCC3E375A6BF2009ADC2B7F4 /* Pods */ = {
			isa = PBXGroup;
			children = (
				6E8A216372E20F2CF37B249E /* Pods-Shopify.debug.xcconfig */,
				428E366F9BC06985410DC31F /* Pods-Shopify.release.xcconfig */,
				95007277F8DD35B72DFA70BE /* Pods-ShopifyTests.debug.xcconfig */,
				D8740A9A5312DB299E755F57 /* Pods-ShopifyTests.release.xcconfig */,
				EC99494CC0D9F8A222C6C24B /* Pods-ShopifyUITests.debug.xcconfig */,
				CD008ADC7D69ABFB94D49D4F /* Pods-ShopifyUITests.release.xcconfig */,
			);
			path = Pods;
			sourceTree = "<group>";
		};
		FD2E575C2332D21C0086D0C8 = {
			isa = PBXGroup;
			children = (
				FD2E57672332D21C0086D0C8 /* Shopify */,
				FD2E577C2332D21D0086D0C8 /* ShopifyTests */,
				FD2E57872332D21D0086D0C8 /* ShopifyUITests */,
				FD2E57662332D21C0086D0C8 /* Products */,
				BCC3E375A6BF2009ADC2B7F4 /* Pods */,
				7F82ACBF7865E1F026C892E8 /* Frameworks */,
			);
			sourceTree = "<group>";
		};
		FD2E57662332D21C0086D0C8 /* Products */ = {
			isa = PBXGroup;
			children = (
				FD2E57652332D21C0086D0C8 /* Shopify.app */,
				FD2E57792332D21D0086D0C8 /* ShopifyTests.xctest */,
				FD2E57842332D21D0086D0C8 /* ShopifyUITests.xctest */,
			);
			name = Products;
			sourceTree = "<group>";
		};
		FD2E57672332D21C0086D0C8 /* Shopify */ = {
			isa = PBXGroup;
			children = (
				FD2E57682332D21C0086D0C8 /* AppDelegate.swift */,
				FD2E579A2332DA010086D0C8 /* MainCollectionViewCell.swift */,
				FD2E579C2332DA0D0086D0C8 /* MainViewController.swift */,
				FD14E4552332DDC1003A5D3F /* CardModel.swift */,
				FD14E4572332E69D003A5D3F /* NetworkController.swift */,
				FD2E576F2332D21D0086D0C8 /* Assets.xcassets */,
				FD2E57712332D21D0086D0C8 /* LaunchScreen.storyboard */,
				FD2E57742332D21D0086D0C8 /* Info.plist */,
			);
			path = Shopify;
			sourceTree = "<group>";
		};
		FD2E577C2332D21D0086D0C8 /* ShopifyTests */ = {
			isa = PBXGroup;
			children = (
				FD2E577D2332D21D0086D0C8 /* ShopifyTests.swift */,
				FD2E577F2332D21D0086D0C8 /* Info.plist */,
			);
			path = ShopifyTests;
			sourceTree = "<group>";
		};
		FD2E57872332D21D0086D0C8 /* ShopifyUITests */ = {
			isa = PBXGroup;
			children = (
				FD2E57882332D21D0086D0C8 /* ShopifyUITests.swift */,
				FD2E578A2332D21D0086D0C8 /* Info.plist */,
			);
			path = ShopifyUITests;
			sourceTree = "<group>";
		};
/* End PBXGroup section */

/* Begin PBXNativeTarget section */
		FD2E57642332D21C0086D0C8 /* Shopify */ = {
			isa = PBXNativeTarget;
			buildConfigurationList = FD2E578D2332D21D0086D0C8 /* Build configuration list for PBXNativeTarget "Shopify" */;
			buildPhases = (
				FFB4E6E6E3658B0B10A71861 /* [CP] Check Pods Manifest.lock */,
				FD2E57612332D21C0086D0C8 /* Sources */,
				FD2E57622332D21C0086D0C8 /* Frameworks */,
				FD2E57632332D21C0086D0C8 /* Resources */,
				5C9FE88A898AE83F766C9631 /* [CP] Embed Pods Frameworks */,
			);
			buildRules = (
			);
			dependencies = (
			);
			name = Shopify;
			productName = Shopify;
			productReference = FD2E57652332D21C0086D0C8 /* Shopify.app */;
			productType = "com.apple.product-type.application";
		};
		FD2E57782332D21D0086D0C8 /* ShopifyTests */ = {
			isa = PBXNativeTarget;
			buildConfigurationList = FD2E57902332D21D0086D0C8 /* Build configuration list for PBXNativeTarget "ShopifyTests" */;
			buildPhases = (
				7C7E8588A999C1AE9FA8B372 /* [CP] Check Pods Manifest.lock */,
				FD2E57752332D21D0086D0C8 /* Sources */,
				FD2E57762332D21D0086D0C8 /* Frameworks */,
				FD2E57772332D21D0086D0C8 /* Resources */,
			);
			buildRules = (
			);
			dependencies = (
				FD2E577B2332D21D0086D0C8 /* PBXTargetDependency */,
			);
			name = ShopifyTests;
			productName = ShopifyTests;
			productReference = FD2E57792332D21D0086D0C8 /* ShopifyTests.xctest */;
			productType = "com.apple.product-type.bundle.unit-test";
		};
		FD2E57832332D21D0086D0C8 /* ShopifyUITests */ = {
			isa = PBXNativeTarget;
			buildConfigurationList = FD2E57932332D21D0086D0C8 /* Build configuration list for PBXNativeTarget "ShopifyUITests" */;
			buildPhases = (
				64C682863D22A1A1AF5860DF /* [CP] Check Pods Manifest.lock */,
				FD2E57802332D21D0086D0C8 /* Sources */,
				FD2E57812332D21D0086D0C8 /* Frameworks */,
				FD2E57822332D21D0086D0C8 /* Resources */,
			);
			buildRules = (
			);
			dependencies = (
				FD2E57862332D21D0086D0C8 /* PBXTargetDependency */,
			);
			name = ShopifyUITests;
			productName = ShopifyUITests;
			productReference = FD2E57842332D21D0086D0C8 /* ShopifyUITests.xctest */;
			productType = "com.apple.product-type.bundle.ui-testing";
		};
/* End PBXNativeTarget section */

/* Begin PBXProject section */
		FD2E575D2332D21C0086D0C8 /* Project object */ = {
			isa = PBXProject;
			attributes = {
				LastSwiftUpdateCheck = 1030;
				LastUpgradeCheck = 1030;
				ORGANIZATIONNAME = tester;
				TargetAttributes = {
					FD2E57642332D21C0086D0C8 = {
						CreatedOnToolsVersion = 10.3;
					};
					FD2E57782332D21D0086D0C8 = {
						CreatedOnToolsVersion = 10.3;
						TestTargetID = FD2E57642332D21C0086D0C8;
					};
					FD2E57832332D21D0086D0C8 = {
						CreatedOnToolsVersion = 10.3;
						TestTargetID = FD2E57642332D21C0086D0C8;
					};
				};
			};
			buildConfigurationList = FD2E57602332D21C0086D0C8 /* Build configuration list for PBXProject "Shopify" */;
			compatibilityVersion = "Xcode 9.3";
			developmentRegion = en;
			hasScannedForEncodings = 0;
			knownRegions = (
				en,
				Base,
			);
			mainGroup = FD2E575C2332D21C0086D0C8;
			productRefGroup = FD2E57662332D21C0086D0C8 /* Products */;
			projectDirPath = "";
			projectRoot = "";
			targets = (
				FD2E57642332D21C0086D0C8 /* Shopify */,
				FD2E57782332D21D0086D0C8 /* ShopifyTests */,
				FD2E57832332D21D0086D0C8 /* ShopifyUITests */,
			);
		};
/* End PBXProject section */

/* Begin PBXResourcesBuildPhase section */
		FD2E57632332D21C0086D0C8 /* Resources */ = {
			isa = PBXResourcesBuildPhase;
			buildActionMask = 2147483647;
			files = (
				FD2E57732332D21D0086D0C8 /* LaunchScreen.storyboard in Resources */,
				FD2E57702332D21D0086D0C8 /* Assets.xcassets in Resources */,
			);
			runOnlyForDeploymentPostprocessing = 0;
		};
		FD2E57772332D21D0086D0C8 /* Resources */ = {
			isa = PBXResourcesBuildPhase;
			buildActionMask = 2147483647;
			files = (
			);
			runOnlyForDeploymentPostprocessing = 0;
		};
		FD2E57822332D21D0086D0C8 /* Resources */ = {
			isa = PBXResourcesBuildPhase;
			buildActionMask = 2147483647;
			files = (
			);
			runOnlyForDeploymentPostprocessing = 0;
		};
/* End PBXResourcesBuildPhase section */

/* Begin PBXShellScriptBuildPhase section */
		5C9FE88A898AE83F766C9631 /* [CP] Embed Pods Frameworks */ = {
			isa = PBXShellScriptBuildPhase;
			buildActionMask = 2147483647;
			files = (
			);
			inputFileListPaths = (
				"${PODS_ROOT}/Target Support Files/Pods-Shopify/Pods-Shopify-frameworks-${CONFIGURATION}-input-files.xcfilelist",
			);
			name = "[CP] Embed Pods Frameworks";
			outputFileListPaths = (
				"${PODS_ROOT}/Target Support Files/Pods-Shopify/Pods-Shopify-frameworks-${CONFIGURATION}-output-files.xcfilelist",
			);
			runOnlyForDeploymentPostprocessing = 0;
			shellPath = /bin/sh;
			shellScript = "\"${PODS_ROOT}/Target Support Files/Pods-Shopify/Pods-Shopify-frameworks.sh\"\n";
			showEnvVarsInLog = 0;
		};
		64C682863D22A1A1AF5860DF /* [CP] Check Pods Manifest.lock */ = {
			isa = PBXShellScriptBuildPhase;
			buildActionMask = 2147483647;
			files = (
			);
			inputFileListPaths = (
			);
			inputPaths = (
				"${PODS_PODFILE_DIR_PATH}/Podfile.lock",
				"${PODS_ROOT}/Manifest.lock",
			);
			name = "[CP] Check Pods Manifest.lock";
			outputFileListPaths = (
			);
			outputPaths = (
				"$(DERIVED_FILE_DIR)/Pods-ShopifyUITests-checkManifestLockResult.txt",
			);
			runOnlyForDeploymentPostprocessing = 0;
			shellPath = /bin/sh;
			shellScript = "diff \"${PODS_PODFILE_DIR_PATH}/Podfile.lock\" \"${PODS_ROOT}/Manifest.lock\" > /dev/null\nif [ $? != 0 ] ; then\n    # print error to STDERR\n    echo \"error: The sandbox is not in sync with the Podfile.lock. Run 'pod install' or update your CocoaPods installation.\" >&2\n    exit 1\nfi\n# This output is used by Xcode 'outputs' to avoid re-running this script phase.\necho \"SUCCESS\" > \"${SCRIPT_OUTPUT_FILE_0}\"\n";
			showEnvVarsInLog = 0;
		};
		7C7E8588A999C1AE9FA8B372 /* [CP] Check Pods Manifest.lock */ = {
			isa = PBXShellScriptBuildPhase;
			buildActionMask = 2147483647;
			files = (
			);
			inputFileListPaths = (
			);
			inputPaths = (
				"${PODS_PODFILE_DIR_PATH}/Podfile.lock",
				"${PODS_ROOT}/Manifest.lock",
			);
			name = "[CP] Check Pods Manifest.lock";
			outputFileListPaths = (
			);
			outputPaths = (
				"$(DERIVED_FILE_DIR)/Pods-ShopifyTests-checkManifestLockResult.txt",
			);
			runOnlyForDeploymentPostprocessing = 0;
			shellPath = /bin/sh;
			shellScript = "diff \"${PODS_PODFILE_DIR_PATH}/Podfile.lock\" \"${PODS_ROOT}/Manifest.lock\" > /dev/null\nif [ $? != 0 ] ; then\n    # print error to STDERR\n    echo \"error: The sandbox is not in sync with the Podfile.lock. Run 'pod install' or update your CocoaPods installation.\" >&2\n    exit 1\nfi\n# This output is used by Xcode 'outputs' to avoid re-running this script phase.\necho \"SUCCESS\" > \"${SCRIPT_OUTPUT_FILE_0}\"\n";
			showEnvVarsInLog = 0;
		};
		FFB4E6E6E3658B0B10A71861 /* [CP] Check Pods Manifest.lock */ = {
			isa = PBXShellScriptBuildPhase;
			buildActionMask = 2147483647;
			files = (
			);
			inputFileListPaths = (
			);
			inputPaths = (
				"${PODS_PODFILE_DIR_PATH}/Podfile.lock",
				"${PODS_ROOT}/Manifest.lock",
			);
			name = "[CP] Check Pods Manifest.lock";
			outputFileListPaths = (
			);
			outputPaths = (
				"$(DERIVED_FILE_DIR)/Pods-Shopify-checkManifestLockResult.txt",
			);
			runOnlyForDeploymentPostprocessing = 0;
			shellPath = /bin/sh;
			shellScript = "diff \"${PODS_PODFILE_DIR_PATH}/Podfile.lock\" \"${PODS_ROOT}/Manifest.lock\" > /dev/null\nif [ $? != 0 ] ; then\n    # print error to STDERR\n    echo \"error: The sandbox is not in sync with the Podfile.lock. Run 'pod install' or update your CocoaPods installation.\" >&2\n    exit 1\nfi\n# This output is used by Xcode 'outputs' to avoid re-running this script phase.\necho \"SUCCESS\" > \"${SCRIPT_OUTPUT_FILE_0}\"\n";
			showEnvVarsInLog = 0;
		};
/* End PBXShellScriptBuildPhase section */

/* Begin PBXSourcesBuildPhase section */
		FD2E57612332D21C0086D0C8 /* Sources */ = {
			isa = PBXSourcesBuildPhase;
			buildActionMask = 2147483647;
			files = (
				FD14E4582332E69D003A5D3F /* NetworkController.swift in Sources */,
				FD2E579D2332DA0D0086D0C8 /* MainViewController.swift in Sources */,
				FD14E4562332DDC1003A5D3F /* CardModel.swift in Sources */,
				FD2E57692332D21C0086D0C8 /* AppDelegate.swift in Sources */,
				FD2E579B2332DA010086D0C8 /* MainCollectionViewCell.swift in Sources */,
			);
			runOnlyForDeploymentPostprocessing = 0;
		};
		FD2E57752332D21D0086D0C8 /* Sources */ = {
			isa = PBXSourcesBuildPhase;
			buildActionMask = 2147483647;
			files = (
				FD2E577E2332D21D0086D0C8 /* ShopifyTests.swift in Sources */,
			);
			runOnlyForDeploymentPostprocessing = 0;
		};
		FD2E57802332D21D0086D0C8 /* Sources */ = {
			isa = PBXSourcesBuildPhase;
			buildActionMask = 2147483647;
			files = (
				FD2E57892332D21D0086D0C8 /* ShopifyUITests.swift in Sources */,
			);
			runOnlyForDeploymentPostprocessing = 0;
		};
/* End PBXSourcesBuildPhase section */

/* Begin PBXTargetDependency section */
		FD2E577B2332D21D0086D0C8 /* PBXTargetDependency */ = {
			isa = PBXTargetDependency;
			target = FD2E57642332D21C0086D0C8 /* Shopify */;
			targetProxy = FD2E577A2332D21D0086D0C8 /* PBXContainerItemProxy */;
		};
		FD2E57862332D21D0086D0C8 /* PBXTargetDependency */ = {
			isa = PBXTargetDependency;
			target = FD2E57642332D21C0086D0C8 /* Shopify */;
			targetProxy = FD2E57852332D21D0086D0C8 /* PBXContainerItemProxy */;
		};
/* End PBXTargetDependency section */

/* Begin PBXVariantGroup section */
		FD2E57712332D21D0086D0C8 /* LaunchScreen.storyboard */ = {
			isa = PBXVariantGroup;
			children = (
				FD2E57722332D21D0086D0C8 /* Base */,
			);
			name = LaunchScreen.storyboard;
			sourceTree = "<group>";
		};
/* End PBXVariantGroup section */

/* Begin XCBuildConfiguration section */
		FD2E578B2332D21D0086D0C8 /* Debug */ = {
			isa = XCBuildConfiguration;
			buildSettings = {
				ALWAYS_SEARCH_USER_PATHS = NO;
				CLANG_ANALYZER_NONNULL = YES;
				CLANG_ANALYZER_NUMBER_OBJECT_CONVERSION = YES_AGGRESSIVE;
				CLANG_CXX_LANGUAGE_STANDARD = "gnu++14";
				CLANG_CXX_LIBRARY = "libc++";
				CLANG_ENABLE_MODULES = YES;
				CLANG_ENABLE_OBJC_ARC = YES;
				CLANG_ENABLE_OBJC_WEAK = YES;
				CLANG_WARN_BLOCK_CAPTURE_AUTORELEASING = YES;
				CLANG_WARN_BOOL_CONVERSION = YES;
				CLANG_WARN_COMMA = YES;
				CLANG_WARN_CONSTANT_CONVERSION = YES;
				CLANG_WARN_DEPRECATED_OBJC_IMPLEMENTATIONS = YES;
				CLANG_WARN_DIRECT_OBJC_ISA_USAGE = YES_ERROR;
				CLANG_WARN_DOCUMENTATION_COMMENTS = YES;
				CLANG_WARN_EMPTY_BODY = YES;
				CLANG_WARN_ENUM_CONVERSION = YES;
				CLANG_WARN_INFINITE_RECURSION = YES;
				CLANG_WARN_INT_CONVERSION = YES;
				CLANG_WARN_NON_LITERAL_NULL_CONVERSION = YES;
				CLANG_WARN_OBJC_IMPLICIT_RETAIN_SELF = YES;
				CLANG_WARN_OBJC_LITERAL_CONVERSION = YES;
				CLANG_WARN_OBJC_ROOT_CLASS = YES_ERROR;
				CLANG_WARN_RANGE_LOOP_ANALYSIS = YES;
				CLANG_WARN_STRICT_PROTOTYPES = YES;
				CLANG_WARN_SUSPICIOUS_MOVE = YES;
				CLANG_WARN_UNGUARDED_AVAILABILITY = YES_AGGRESSIVE;
				CLANG_WARN_UNREACHABLE_CODE = YES;
				CLANG_WARN__DUPLICATE_METHOD_MATCH = YES;
				CODE_SIGN_IDENTITY = "iPhone Developer";
				COPY_PHASE_STRIP = NO;
				DEBUG_INFORMATION_FORMAT = dwarf;
				ENABLE_STRICT_OBJC_MSGSEND = YES;
				ENABLE_TESTABILITY = YES;
				GCC_C_LANGUAGE_STANDARD = gnu11;
				GCC_DYNAMIC_NO_PIC = NO;
				GCC_NO_COMMON_BLOCKS = YES;
				GCC_OPTIMIZATION_LEVEL = 0;
				GCC_PREPROCESSOR_DEFINITIONS = (
					"DEBUG=1",
					"$(inherited)",
				);
				GCC_WARN_64_TO_32_BIT_CONVERSION = YES;
				GCC_WARN_ABOUT_RETURN_TYPE = YES_ERROR;
				GCC_WARN_UNDECLARED_SELECTOR = YES;
				GCC_WARN_UNINITIALIZED_AUTOS = YES_AGGRESSIVE;
				GCC_WARN_UNUSED_FUNCTION = YES;
				GCC_WARN_UNUSED_VARIABLE = YES;
				IPHONEOS_DEPLOYMENT_TARGET = 12.4;
				MTL_ENABLE_DEBUG_INFO = INCLUDE_SOURCE;
				MTL_FAST_MATH = YES;
				ONLY_ACTIVE_ARCH = YES;
				SDKROOT = iphoneos;
				SWIFT_ACTIVE_COMPILATION_CONDITIONS = DEBUG;
				SWIFT_OPTIMIZATION_LEVEL = "-Onone";
			};
			name = Debug;
		};
		FD2E578C2332D21D0086D0C8 /* Release */ = {
			isa = XCBuildConfiguration;
			buildSettings = {
				ALWAYS_SEARCH_USER_PATHS = NO;
				CLANG_ANALYZER_NONNULL = YES;
				CLANG_ANALYZER_NUMBER_OBJECT_CONVERSION = YES_AGGRESSIVE;
				CLANG_CXX_LANGUAGE_STANDARD = "gnu++14";
				CLANG_CXX_LIBRARY = "libc++";
				CLANG_ENABLE_MODULES = YES;
				CLANG_ENABLE_OBJC_ARC = YES;
				CLANG_ENABLE_OBJC_WEAK = YES;
				CLANG_WARN_BLOCK_CAPTURE_AUTORELEASING = YES;
				CLANG_WARN_BOOL_CONVERSION = YES;
				CLANG_WARN_COMMA = YES;
				CLANG_WARN_CONSTANT_CONVERSION = YES;
				CLANG_WARN_DEPRECATED_OBJC_IMPLEMENTATIONS = YES;
				CLANG_WARN_DIRECT_OBJC_ISA_USAGE = YES_ERROR;
				CLANG_WARN_DOCUMENTATION_COMMENTS = YES;
				CLANG_WARN_EMPTY_BODY = YES;
				CLANG_WARN_ENUM_CONVERSION = YES;
				CLANG_WARN_INFINITE_RECURSION = YES;
				CLANG_WARN_INT_CONVERSION = YES;
				CLANG_WARN_NON_LITERAL_NULL_CONVERSION = YES;
				CLANG_WARN_OBJC_IMPLICIT_RETAIN_SELF = YES;
				CLANG_WARN_OBJC_LITERAL_CONVERSION = YES;
				CLANG_WARN_OBJC_ROOT_CLASS = YES_ERROR;
				CLANG_WARN_RANGE_LOOP_ANALYSIS = YES;
				CLANG_WARN_STRICT_PROTOTYPES = YES;
				CLANG_WARN_SUSPICIOUS_MOVE = YES;
				CLANG_WARN_UNGUARDED_AVAILABILITY = YES_AGGRESSIVE;
				CLANG_WARN_UNREACHABLE_CODE = YES;
				CLANG_WARN__DUPLICATE_METHOD_MATCH = YES;
				CODE_SIGN_IDENTITY = "iPhone Developer";
				COPY_PHASE_STRIP = NO;
				DEBUG_INFORMATION_FORMAT = "dwarf-with-dsym";
				ENABLE_NS_ASSERTIONS = NO;
				ENABLE_STRICT_OBJC_MSGSEND = YES;
				GCC_C_LANGUAGE_STANDARD = gnu11;
				GCC_NO_COMMON_BLOCKS = YES;
				GCC_WARN_64_TO_32_BIT_CONVERSION = YES;
				GCC_WARN_ABOUT_RETURN_TYPE = YES_ERROR;
				GCC_WARN_UNDECLARED_SELECTOR = YES;
				GCC_WARN_UNINITIALIZED_AUTOS = YES_AGGRESSIVE;
				GCC_WARN_UNUSED_FUNCTION = YES;
				GCC_WARN_UNUSED_VARIABLE = YES;
				IPHONEOS_DEPLOYMENT_TARGET = 12.4;
				MTL_ENABLE_DEBUG_INFO = NO;
				MTL_FAST_MATH = YES;
				SDKROOT = iphoneos;
				SWIFT_COMPILATION_MODE = wholemodule;
				SWIFT_OPTIMIZATION_LEVEL = "-O";
				VALIDATE_PRODUCT = YES;
			};
			name = Release;
		};
		FD2E578E2332D21D0086D0C8 /* Debug */ = {
			isa = XCBuildConfiguration;
			baseConfigurationReference = 6E8A216372E20F2CF37B249E /* Pods-Shopify.debug.xcconfig */;
			buildSettings = {
				ASSETCATALOG_COMPILER_APPICON_NAME = AppIcon;
				CODE_SIGN_STYLE = Automatic;
				DEVELOPMENT_TEAM = 3MXWDGHG6J;
				INFOPLIST_FILE = Shopify/Info.plist;
				LD_RUNPATH_SEARCH_PATHS = (
					"$(inherited)",
					"@executable_path/Frameworks",
				);
				PRODUCT_BUNDLE_IDENTIFIER = tester.Shopify;
				PRODUCT_NAME = "$(TARGET_NAME)";
				SWIFT_VERSION = 5.0;
				TARGETED_DEVICE_FAMILY = "1,2";
			};
			name = Debug;
		};
		FD2E578F2332D21D0086D0C8 /* Release */ = {
			isa = XCBuildConfiguration;
			baseConfigurationReference = 428E366F9BC06985410DC31F /* Pods-Shopify.release.xcconfig */;
			buildSettings = {
				ASSETCATALOG_COMPILER_APPICON_NAME = AppIcon;
				CODE_SIGN_STYLE = Automatic;
				DEVELOPMENT_TEAM = 3MXWDGHG6J;
				INFOPLIST_FILE = Shopify/Info.plist;
				LD_RUNPATH_SEARCH_PATHS = (
					"$(inherited)",
					"@executable_path/Frameworks",
				);
				PRODUCT_BUNDLE_IDENTIFIER = tester.Shopify;
				PRODUCT_NAME = "$(TARGET_NAME)";
				SWIFT_VERSION = 5.0;
				TARGETED_DEVICE_FAMILY = "1,2";
			};
			name = Release;
		};
		FD2E57912332D21D0086D0C8 /* Debug */ = {
			isa = XCBuildConfiguration;
			baseConfigurationReference = 95007277F8DD35B72DFA70BE /* Pods-ShopifyTests.debug.xcconfig */;
			buildSettings = {
				ALWAYS_EMBED_SWIFT_STANDARD_LIBRARIES = YES;
				BUNDLE_LOADER = "$(TEST_HOST)";
				CODE_SIGN_STYLE = Automatic;
				INFOPLIST_FILE = ShopifyTests/Info.plist;
				LD_RUNPATH_SEARCH_PATHS = (
					"$(inherited)",
					"@executable_path/Frameworks",
					"@loader_path/Frameworks",
				);
				PRODUCT_BUNDLE_IDENTIFIER = tester.ShopifyTests;
				PRODUCT_NAME = "$(TARGET_NAME)";
				SWIFT_VERSION = 5.0;
				TARGETED_DEVICE_FAMILY = "1,2";
				TEST_HOST = "$(BUILT_PRODUCTS_DIR)/Shopify.app/Shopify";
			};
			name = Debug;
		};
		FD2E57922332D21D0086D0C8 /* Release */ = {
			isa = XCBuildConfiguration;
			baseConfigurationReference = D8740A9A5312DB299E755F57 /* Pods-ShopifyTests.release.xcconfig */;
			buildSettings = {
				ALWAYS_EMBED_SWIFT_STANDARD_LIBRARIES = YES;
				BUNDLE_LOADER = "$(TEST_HOST)";
				CODE_SIGN_STYLE = Automatic;
				INFOPLIST_FILE = ShopifyTests/Info.plist;
				LD_RUNPATH_SEARCH_PATHS = (
					"$(inherited)",
					"@executable_path/Frameworks",
					"@loader_path/Frameworks",
				);
				PRODUCT_BUNDLE_IDENTIFIER = tester.ShopifyTests;
				PRODUCT_NAME = "$(TARGET_NAME)";
				SWIFT_VERSION = 5.0;
				TARGETED_DEVICE_FAMILY = "1,2";
				TEST_HOST = "$(BUILT_PRODUCTS_DIR)/Shopify.app/Shopify";
			};
			name = Release;
		};
		FD2E57942332D21D0086D0C8 /* Debug */ = {
			isa = XCBuildConfiguration;
			baseConfigurationReference = EC99494CC0D9F8A222C6C24B /* Pods-ShopifyUITests.debug.xcconfig */;
			buildSettings = {
				ALWAYS_EMBED_SWIFT_STANDARD_LIBRARIES = YES;
				CODE_SIGN_STYLE = Automatic;
				INFOPLIST_FILE = ShopifyUITests/Info.plist;
				LD_RUNPATH_SEARCH_PATHS = (
					"$(inherited)",
					"@executable_path/Frameworks",
					"@loader_path/Frameworks",
				);
				PRODUCT_BUNDLE_IDENTIFIER = tester.ShopifyUITests;
				PRODUCT_NAME = "$(TARGET_NAME)";
				SWIFT_VERSION = 5.0;
				TARGETED_DEVICE_FAMILY = "1,2";
				TEST_TARGET_NAME = Shopify;
			};
			name = Debug;
		};
		FD2E57952332D21D0086D0C8 /* Release */ = {
			isa = XCBuildConfiguration;
			baseConfigurationReference = CD008ADC7D69ABFB94D49D4F /* Pods-ShopifyUITests.release.xcconfig */;
			buildSettings = {
				ALWAYS_EMBED_SWIFT_STANDARD_LIBRARIES = YES;
				CODE_SIGN_STYLE = Automatic;
				INFOPLIST_FILE = ShopifyUITests/Info.plist;
				LD_RUNPATH_SEARCH_PATHS = (
					"$(inherited)",
					"@executable_path/Frameworks",
					"@loader_path/Frameworks",
				);
				PRODUCT_BUNDLE_IDENTIFIER = tester.ShopifyUITests;
				PRODUCT_NAME = "$(TARGET_NAME)";
				SWIFT_VERSION = 5.0;
				TARGETED_DEVICE_FAMILY = "1,2";
				TEST_TARGET_NAME = Shopify;
			};
			name = Release;
		};
/* End XCBuildConfiguration section */

/* Begin XCConfigurationList section */
		FD2E57602332D21C0086D0C8 /* Build configuration list for PBXProject "Shopify" */ = {
			isa = XCConfigurationList;
			buildConfigurations = (
				FD2E578B2332D21D0086D0C8 /* Debug */,
				FD2E578C2332D21D0086D0C8 /* Release */,
			);
			defaultConfigurationIsVisible = 0;
			defaultConfigurationName = Release;
		};
		FD2E578D2332D21D0086D0C8 /* Build configuration list for PBXNativeTarget "Shopify" */ = {
			isa = XCConfigurationList;
			buildConfigurations = (
				FD2E578E2332D21D0086D0C8 /* Debug */,
				FD2E578F2332D21D0086D0C8 /* Release */,
			);
			defaultConfigurationIsVisible = 0;
			defaultConfigurationName = Release;
		};
		FD2E57902332D21D0086D0C8 /* Build configuration list for PBXNativeTarget "ShopifyTests" */ = {
			isa = XCConfigurationList;
			buildConfigurations = (
				FD2E57912332D21D0086D0C8 /* Debug */,
				FD2E57922332D21D0086D0C8 /* Release */,
			);
			defaultConfigurationIsVisible = 0;
			defaultConfigurationName = Release;
		};
		FD2E57932332D21D0086D0C8 /* Build configuration list for PBXNativeTarget "ShopifyUITests" */ = {
			isa = XCConfigurationList;
			buildConfigurations = (
				FD2E57942332D21D0086D0C8 /* Debug */,
				FD2E57952332D21D0086D0C8 /* Release */,
			);
			defaultConfigurationIsVisible = 0;
			defaultConfigurationName = Release;
		};
/* End XCConfigurationList section */
	};
	rootObject = FD2E575D2332D21C0086D0C8 /* Project object */;
}
